
Microsoft Visual Studio Solution File, Format Version 12.00
# Visual Studio 15
VisualStudioVersion = 15.0.26730.10
MinimumVisualStudioVersion = 10.0.40219.1
Project("{FAE04EC0-301F-11D3-BF4B-00C04F79EFBC}") = "DerDataFront", "..\Prj\DerDataFront\DerDataFront.csproj", "{3AD26F0B-D8DF-40AF-993E-1B99E4C57DE9}"
EndProject
Project("{FAE04EC0-301F-11D3-BF4B-00C04F79EFBC}") = "DerDataBusiness", "..\Prj\DerDataBusiness\DerDataBusiness.csproj", "{60617A4A-B383-4C56-8D2C-BC944112D116}"
EndProject
Project("{FAE04EC0-301F-11D3-BF4B-00C04F79EFBC}") = "DerDataModel", "..\Prj\DerDataModel\DerDataModel.csproj", "{25C795A3-5FE4-4453-962A-830A59C75D0D}"
EndProject
Global
	GlobalSection(SolutionConfigurationPlatforms) = preSolution
		Debug|Any CPU = Debug|Any CPU
		Release|Any CPU = Release|Any CPU
	EndGlobalSection
	GlobalSection(ProjectConfigurationPlatforms) = postSolution
		{3AD26F0B-D8DF-40AF-993E-1B99E4C57DE9}.Debug|Any CPU.ActiveCfg = Debug|Any CPU
		{3AD26F0B-D8DF-40AF-993E-1B99E4C57DE9}.Debug|Any CPU.Build.0 = Debug|Any CPU
		{3AD26F0B-D8DF-40AF-993E-1B99E4C57DE9}.Release|Any CPU.ActiveCfg = Release|Any CPU
		{3AD26F0B-D8DF-40AF-993E-1B99E4C57DE9}.Release|Any CPU.Build.0 = Release|Any CPU
		{60617A4A-B383-4C56-8D2C-BC944112D116}.Debug|Any CPU.ActiveCfg = Debug|Any CPU
		{60617A4A-B383-4C56-8D2C-BC944112D116}.Debug|Any CPU.Build.0 = Debug|Any CPU
		{60617A4A-B383-4C56-8D2C-BC944112D116}.Release|Any CPU.ActiveCfg = Release|Any CPU
		{60617A4A-B383-4C56-8D2C-BC944112D116}.Release|Any CPU.Build.0 = Release|Any CPU
		{25C795A3-5FE4-4453-962A-830A59C75D0D}.Debug|Any CPU.ActiveCfg = Debug|Any CPU
		{25C795A3-5FE4-4453-962A-830A59C75D0D}.Debug|Any CPU.Build.0 = Debug|Any CPU
		{25C795A3-5FE4-4453-962A-830A59C75D0D}.Release|Any CPU.ActiveCfg = Release|Any CPU
		{25C795A3-5FE4-4453-962A-830A59C75D0D}.Release|Any CPU.Build.0 = Release|Any CPU
	EndGlobalSection
	GlobalSection(SolutionProperties) = preSolution
		HideSolutionNode = FALSE
	EndGlobalSection
	GlobalSection(ExtensibilityGlobals) = postSolution
		SolutionGuid = {BE623475-D42C-43C8-8501-73DCD40C7334}
	EndGlobalSection
EndGlobal
